<?xml version="1.0" encoding="utf-8"?>
<Project ToolsVersion="4.0" xmlns="http://schemas.microsoft.com/developer/msbuild/2003">
  <ItemGroup>
    <ClCompile Include="src\ofApp.cpp">
      <Filter>src</Filter>
    </ClCompile>
    <ClCompile Include="src\main.cpp">
      <Filter>src</Filter>
    </ClCompile>
    <ClCompile Include="src\SimpleDrawNode.cpp">
      <Filter>src</Filter>
    </ClCompile>
    <ClCompile Include="src\SpotLightNode.cpp">
      <Filter>src</Filter>
    </ClCompile>
    <ClCompile Include="src\CameraMatrices.cpp">
      <Filter>src</Filter>
    </ClCompile>
    <ClCompile Include="src\LitDrawNode.cpp">
      <Filter>src</Filter>
    </ClCompile>
    <ClCompile Include="src\SimpleAnimationNode.cpp">
      <Filter>src</Filter>
    </ClCompile>
    <ClCompile Include="src\calcTangents.cpp">
      <Filter>src</Filter>
    </ClCompile>
    <ClCompile Include="src\ofxCubemap.cpp">
      <Filter>src</Filter>
    </ClCompile>
  </ItemGroup>
  <ItemGroup>
    <Filter Include="src">
      <UniqueIdentifier>{d8376475-7454-4a24-b08a-aac121d3ad6f}</UniqueIdentifier>
    </Filter>
  </ItemGroup>
  <ItemGroup>
    <ClInclude Include="src\ofApp.h">
      <Filter>src</Filter>
    </ClInclude>
    <ClInclude Include="src\SimpleAnimationNode.h">
      <Filter>src</Filter>
    </ClInclude>
    <ClInclude Include="src\SimpleDrawNode.h">
      <Filter>src</Filter>
    </ClInclude>
    <ClInclude Include="src\SpotLight.h">
      <Filter>src</Filter>
    </ClInclude>
    <ClInclude Include="src\SpotLightNode.h">
      <Filter>src</Filter>
    </ClInclude>
    <ClInclude Include="src\Camera.h">
      <Filter>src</Filter>
    </ClInclude>
    <ClInclude Include="src\CameraMatrices.h">
      <Filter>src</Filter>
    </ClInclude>
    <ClInclude Include="src\DirectionalLight.h">
      <Filter>src</Filter>
    </ClInclude>
    <ClInclude Include="src\Lighting.h">
      <Filter>src</Filter>
    </ClInclude>
    <ClInclude Include="src\LitDrawNode.h">
      <Filter>src</Filter>
    </ClInclude>
    <ClInclude Include="src\PointLight.h">
      <Filter>src</Filter>
    </ClInclude>
    <ClInclude Include="src\SceneGraphNode.h">
      <Filter>src</Filter>
    </ClInclude>
    <ClInclude Include="src\calcTangents.h">
      <Filter>src</Filter>
    </ClInclude>
    <ClInclude Include="src\ofxCubemap.h">
      <Filter>src</Filter>
    </ClInclude>
  </ItemGroup>
  <ItemGroup>
    <ResourceCompile Include="icon.rc" />
  </ItemGroup>
  <ItemGroup>
    <None Include="bin\data\shader.frag">
      <Filter>src</Filter>
    </None>
    <None Include="bin\data\shader.vert">
      <Filter>src</Filter>
    </None>
    <None Include="bin\data\skybox.frag">
      <Filter>src</Filter>
    </None>
    <None Include="bin\data\skybox.vert">
      <Filter>src</Filter>
    </None>
  </ItemGroup>
</Project>